{
  "name": "day_5",
  "lockfileVersion": 2,
  "requires": true,
  "packages": {
    "": {
      "dependencies": {
        "fitty": "^2.3.3"
      }
    },
    "node_modules/fitty": {
      "version": "2.3.3",
      "resolved": "https://registry.npmjs.org/fitty/-/fitty-2.3.3.tgz",
      "integrity": "sha512-JBrXkAT29fGTMFA/O40zzxZTISK5qm4kx8gRU6x43a1OalC5kyVXG77RLbyFMFdFabd16nYX3HrRAe/hGKg+EQ=="
    }
  },
  "dependencies": {
    "fitty": {
      "version": "2.3.3",
      "resolved": "https://registry.npmjs.org/fitty/-/fitty-2.3.3.tgz",
      "integrity": "sha512-JBrXkAT29fGTMFA/O40zzxZTISK5qm4kx8gRU6x43a1OalC5kyVXG77RLbyFMFdFabd16nYX3HrRAe/hGKg+EQ=="
    }
  }
}
